
Microsoft Visual Studio Solution File, Format Version 12.00
# Visual Studio Version 17
VisualStudioVersion = 17.1.32210.238
MinimumVisualStudioVersion = 10.0.40219.1
Project("{FAE04EC0-301F-11D3-BF4B-00C04F79EFBC}") = "Zмейка", "Snake\Zмейка.csproj", "{7355042C-00E5-47A2-929C-1C95E5B30F12}"
EndProject
Global
	GlobalSection(SolutionConfigurationPlatforms) = preSolution
		Debug|Any CPU = Debug|Any CPU
		Release|Any CPU = Release|Any CPU
	EndGlobalSection
	GlobalSection(ProjectConfigurationPlatforms) = postSolution
		{7355042C-00E5-47A2-929C-1C95E5B30F12}.Debug|Any CPU.ActiveCfg = Debug|Any CPU
		{7355042C-00E5-47A2-929C-1C95E5B30F12}.Debug|Any CPU.Build.0 = Debug|Any CPU
		{7355042C-00E5-47A2-929C-1C95E5B30F12}.Release|Any CPU.ActiveCfg = Release|Any CPU
		{7355042C-00E5-47A2-929C-1C95E5B30F12}.Release|Any CPU.Build.0 = Release|Any CPU
	EndGlobalSection
	GlobalSection(SolutionProperties) = preSolution
		HideSolutionNode = FALSE
	EndGlobalSection
	GlobalSection(ExtensibilityGlobals) = postSolution
		SolutionGuid = {DF4930C7-761A-4304-912C-F4D87C163705}
	EndGlobalSection
EndGlobal
